
Microsoft Visual Studio Solution File, Format Version 12.00
# Visual Studio Version 17
VisualStudioVersion = 17.5.33318.248
MinimumVisualStudioVersion = 10.0.40219.1
Project("{9A19103F-16F7-4668-BE54-9A1E7A4F7556}") = "Pokemon.Api", "Pokemon.Api\Pokemon.Api.csproj", "{6EDF7A79-5AC9-4936-A76E-BFA64FC0C470}"
EndProject
Project("{00D1A9C2-B5F0-4AF3-8072-F6C62B433612}") = "Pokemon.Database", "Pokemon.Database\Pokemon.Database.sqlproj", "{227EC9C8-A6A1-4D89-A6C5-FF003E0D761D}"
EndProject
Project("{C9674DCB-5085-4A16-B785-4C70DD1589BD}") = "Pokemon.SSIS", "Pokemon.SSIS\Pokemon.SSIS.dtproj", "{AA512E13-4E30-4237-9883-C725442142A1}"
EndProject
Project("{9A19103F-16F7-4668-BE54-9A1E7A4F7556}") = "Pokemon.Domain", "Pokemon.Domain\Pokemon.Domain.csproj", "{9405977F-310F-46D2-8FFA-800509FF34E3}"
EndProject
Project("{9A19103F-16F7-4668-BE54-9A1E7A4F7556}") = "Pokemon.Repository", "Pokemon.Repository\Pokemon.Repository.csproj", "{57D09BDB-CD62-42D6-B6C6-FF2A2531179E}"
EndProject
Project("{2150E333-8FDC-42A3-9474-1A3956D46DE8}") = "Solution Items", "Solution Items", "{CFAA9ACE-294A-4166-85C5-F94679295613}"
	ProjectSection(SolutionItems) = preProject
		.gitignore = .gitignore
		readme.md = readme.md
	EndProjectSection
EndProject
Project("{9A19103F-16F7-4668-BE54-9A1E7A4F7556}") = "Pokemon.Tests", "Pokemon.Tests\Pokemon.Tests.csproj", "{67CBC15A-AE62-4E9F-B746-43231CE9633B}"
EndProject
Project("{54A90642-561A-4BB1-A94E-469ADEE60C69}") = "Pokemon.Ui", "Pokemon.Ui\Pokemon.Ui.esproj", "{38A52964-9579-495C-9987-07B45657B008}"
EndProject
Global
	GlobalSection(SolutionConfigurationPlatforms) = preSolution
		Debug|Any CPU = Debug|Any CPU
		Debug|iPhone = Debug|iPhone
		Debug|iPhoneSimulator = Debug|iPhoneSimulator
		Development|Any CPU = Development|Any CPU
		Development|iPhone = Development|iPhone
		Development|iPhoneSimulator = Development|iPhoneSimulator
		Release|Any CPU = Release|Any CPU
		Release|iPhone = Release|iPhone
		Release|iPhoneSimulator = Release|iPhoneSimulator
		Release-Database|Any CPU = Release-Database|Any CPU
		Release-Database|iPhone = Release-Database|iPhone
		Release-Database|iPhoneSimulator = Release-Database|iPhoneSimulator
	EndGlobalSection
	GlobalSection(ProjectConfigurationPlatforms) = postSolution
		{6EDF7A79-5AC9-4936-A76E-BFA64FC0C470}.Debug|Any CPU.ActiveCfg = Debug|Any CPU
		{6EDF7A79-5AC9-4936-A76E-BFA64FC0C470}.Debug|Any CPU.Build.0 = Debug|Any CPU
		{6EDF7A79-5AC9-4936-A76E-BFA64FC0C470}.Debug|iPhone.ActiveCfg = Debug|Any CPU
		{6EDF7A79-5AC9-4936-A76E-BFA64FC0C470}.Debug|iPhone.Build.0 = Debug|Any CPU
		{6EDF7A79-5AC9-4936-A76E-BFA64FC0C470}.Debug|iPhoneSimulator.ActiveCfg = Debug|Any CPU
		{6EDF7A79-5AC9-4936-A76E-BFA64FC0C470}.Debug|iPhoneSimulator.Build.0 = Debug|Any CPU
		{6EDF7A79-5AC9-4936-A76E-BFA64FC0C470}.Development|Any CPU.ActiveCfg = Debug|Any CPU
		{6EDF7A79-5AC9-4936-A76E-BFA64FC0C470}.Development|Any CPU.Build.0 = Debug|Any CPU
		{6EDF7A79-5AC9-4936-A76E-BFA64FC0C470}.Development|iPhone.ActiveCfg = Debug|Any CPU
		{6EDF7A79-5AC9-4936-A76E-BFA64FC0C470}.Development|iPhone.Build.0 = Debug|Any CPU
		{6EDF7A79-5AC9-4936-A76E-BFA64FC0C470}.Development|iPhoneSimulator.ActiveCfg = Debug|Any CPU
		{6EDF7A79-5AC9-4936-A76E-BFA64FC0C470}.Development|iPhoneSimulator.Build.0 = Debug|Any CPU
		{6EDF7A79-5AC9-4936-A76E-BFA64FC0C470}.Release|Any CPU.ActiveCfg = Release|Any CPU
		{6EDF7A79-5AC9-4936-A76E-BFA64FC0C470}.Release|Any CPU.Build.0 = Release|Any CPU
		{6EDF7A79-5AC9-4936-A76E-BFA64FC0C470}.Release|iPhone.ActiveCfg = Release|Any CPU
		{6EDF7A79-5AC9-4936-A76E-BFA64FC0C470}.Release|iPhone.Build.0 = Release|Any CPU
		{6EDF7A79-5AC9-4936-A76E-BFA64FC0C470}.Release|iPhoneSimulator.ActiveCfg = Release|Any CPU
		{6EDF7A79-5AC9-4936-A76E-BFA64FC0C470}.Release|iPhoneSimulator.Build.0 = Release|Any CPU
		{6EDF7A79-5AC9-4936-A76E-BFA64FC0C470}.Release-Database|Any CPU.ActiveCfg = Release-Database|Any CPU
		{6EDF7A79-5AC9-4936-A76E-BFA64FC0C470}.Release-Database|iPhone.ActiveCfg = Release-Database|Any CPU
		{6EDF7A79-5AC9-4936-A76E-BFA64FC0C470}.Release-Database|iPhone.Build.0 = Release-Database|Any CPU
		{6EDF7A79-5AC9-4936-A76E-BFA64FC0C470}.Release-Database|iPhoneSimulator.ActiveCfg = Release-Database|Any CPU
		{6EDF7A79-5AC9-4936-A76E-BFA64FC0C470}.Release-Database|iPhoneSimulator.Build.0 = Release-Database|Any CPU
		{227EC9C8-A6A1-4D89-A6C5-FF003E0D761D}.Debug|Any CPU.ActiveCfg = Debug|Any CPU
		{227EC9C8-A6A1-4D89-A6C5-FF003E0D761D}.Debug|Any CPU.Build.0 = Debug|Any CPU
		{227EC9C8-A6A1-4D89-A6C5-FF003E0D761D}.Debug|Any CPU.Deploy.0 = Debug|Any CPU
		{227EC9C8-A6A1-4D89-A6C5-FF003E0D761D}.Debug|iPhone.ActiveCfg = Debug|Any CPU
		{227EC9C8-A6A1-4D89-A6C5-FF003E0D761D}.Debug|iPhone.Build.0 = Debug|Any CPU
		{227EC9C8-A6A1-4D89-A6C5-FF003E0D761D}.Debug|iPhone.Deploy.0 = Debug|Any CPU
		{227EC9C8-A6A1-4D89-A6C5-FF003E0D761D}.Debug|iPhoneSimulator.ActiveCfg = Debug|Any CPU
		{227EC9C8-A6A1-4D89-A6C5-FF003E0D761D}.Debug|iPhoneSimulator.Build.0 = Debug|Any CPU
		{227EC9C8-A6A1-4D89-A6C5-FF003E0D761D}.Debug|iPhoneSimulator.Deploy.0 = Debug|Any CPU
		{227EC9C8-A6A1-4D89-A6C5-FF003E0D761D}.Development|Any CPU.ActiveCfg = Debug|Any CPU
		{227EC9C8-A6A1-4D89-A6C5-FF003E0D761D}.Development|Any CPU.Build.0 = Debug|Any CPU
		{227EC9C8-A6A1-4D89-A6C5-FF003E0D761D}.Development|Any CPU.Deploy.0 = Debug|Any CPU
		{227EC9C8-A6A1-4D89-A6C5-FF003E0D761D}.Development|iPhone.ActiveCfg = Debug|Any CPU
		{227EC9C8-A6A1-4D89-A6C5-FF003E0D761D}.Development|iPhone.Build.0 = Debug|Any CPU
		{227EC9C8-A6A1-4D89-A6C5-FF003E0D761D}.Development|iPhone.Deploy.0 = Debug|Any CPU
		{227EC9C8-A6A1-4D89-A6C5-FF003E0D761D}.Development|iPhoneSimulator.ActiveCfg = Debug|Any CPU
		{227EC9C8-A6A1-4D89-A6C5-FF003E0D761D}.Development|iPhoneSimulator.Build.0 = Debug|Any CPU
		{227EC9C8-A6A1-4D89-A6C5-FF003E0D761D}.Development|iPhoneSimulator.Deploy.0 = Debug|Any CPU
		{227EC9C8-A6A1-4D89-A6C5-FF003E0D761D}.Release|Any CPU.ActiveCfg = Release|Any CPU
		{227EC9C8-A6A1-4D89-A6C5-FF003E0D761D}.Release|Any CPU.Deploy.0 = Release|Any CPU
		{227EC9C8-A6A1-4D89-A6C5-FF003E0D761D}.Release|iPhone.ActiveCfg = Release|Any CPU
		{227EC9C8-A6A1-4D89-A6C5-FF003E0D761D}.Release|iPhone.Build.0 = Release|Any CPU
		{227EC9C8-A6A1-4D89-A6C5-FF003E0D761D}.Release|iPhone.Deploy.0 = Release|Any CPU
		{227EC9C8-A6A1-4D89-A6C5-FF003E0D761D}.Release|iPhoneSimulator.ActiveCfg = Release|Any CPU
		{227EC9C8-A6A1-4D89-A6C5-FF003E0D761D}.Release|iPhoneSimulator.Build.0 = Release|Any CPU
		{227EC9C8-A6A1-4D89-A6C5-FF003E0D761D}.Release|iPhoneSimulator.Deploy.0 = Release|Any CPU
		{227EC9C8-A6A1-4D89-A6C5-FF003E0D761D}.Release-Database|Any CPU.ActiveCfg = Release|Any CPU
		{227EC9C8-A6A1-4D89-A6C5-FF003E0D761D}.Release-Database|Any CPU.Build.0 = Release|Any CPU
		{227EC9C8-A6A1-4D89-A6C5-FF003E0D761D}.Release-Database|Any CPU.Deploy.0 = Release|Any CPU
		{227EC9C8-A6A1-4D89-A6C5-FF003E0D761D}.Release-Database|iPhone.ActiveCfg = Release-Database|Any CPU
		{227EC9C8-A6A1-4D89-A6C5-FF003E0D761D}.Release-Database|iPhone.Build.0 = Release-Database|Any CPU
		{227EC9C8-A6A1-4D89-A6C5-FF003E0D761D}.Release-Database|iPhone.Deploy.0 = Release-Database|Any CPU
		{227EC9C8-A6A1-4D89-A6C5-FF003E0D761D}.Release-Database|iPhoneSimulator.ActiveCfg = Release-Database|Any CPU
		{227EC9C8-A6A1-4D89-A6C5-FF003E0D761D}.Release-Database|iPhoneSimulator.Build.0 = Release-Database|Any CPU
		{227EC9C8-A6A1-4D89-A6C5-FF003E0D761D}.Release-Database|iPhoneSimulator.Deploy.0 = Release-Database|Any CPU
		{AA512E13-4E30-4237-9883-C725442142A1}.Debug|Any CPU.ActiveCfg = Development
		{AA512E13-4E30-4237-9883-C725442142A1}.Debug|Any CPU.Build.0 = Development
		{AA512E13-4E30-4237-9883-C725442142A1}.Debug|iPhone.ActiveCfg = Development
		{AA512E13-4E30-4237-9883-C725442142A1}.Debug|iPhoneSimulator.ActiveCfg = Development
		{AA512E13-4E30-4237-9883-C725442142A1}.Development|Any CPU.ActiveCfg = Development
		{AA512E13-4E30-4237-9883-C725442142A1}.Development|Any CPU.Build.0 = Development
		{AA512E13-4E30-4237-9883-C725442142A1}.Development|iPhone.ActiveCfg = Development
		{AA512E13-4E30-4237-9883-C725442142A1}.Development|iPhoneSimulator.ActiveCfg = Development
		{AA512E13-4E30-4237-9883-C725442142A1}.Release|Any CPU.ActiveCfg = Development
		{AA512E13-4E30-4237-9883-C725442142A1}.Release|iPhone.ActiveCfg = Development
		{AA512E13-4E30-4237-9883-C725442142A1}.Release|iPhoneSimulator.ActiveCfg = Development
		{AA512E13-4E30-4237-9883-C725442142A1}.Release-Database|Any CPU.ActiveCfg = Development
		{AA512E13-4E30-4237-9883-C725442142A1}.Release-Database|iPhone.ActiveCfg = Development
		{AA512E13-4E30-4237-9883-C725442142A1}.Release-Database|iPhoneSimulator.ActiveCfg = Development
		{9405977F-310F-46D2-8FFA-800509FF34E3}.Debug|Any CPU.ActiveCfg = Debug|Any CPU
		{9405977F-310F-46D2-8FFA-800509FF34E3}.Debug|Any CPU.Build.0 = Debug|Any CPU
		{9405977F-310F-46D2-8FFA-800509FF34E3}.Debug|iPhone.ActiveCfg = Debug|Any CPU
		{9405977F-310F-46D2-8FFA-800509FF34E3}.Debug|iPhone.Build.0 = Debug|Any CPU
		{9405977F-310F-46D2-8FFA-800509FF34E3}.Debug|iPhoneSimulator.ActiveCfg = Debug|Any CPU
		{9405977F-310F-46D2-8FFA-800509FF34E3}.Debug|iPhoneSimulator.Build.0 = Debug|Any CPU
		{9405977F-310F-46D2-8FFA-800509FF34E3}.Development|Any CPU.ActiveCfg = Debug|Any CPU
		{9405977F-310F-46D2-8FFA-800509FF34E3}.Development|Any CPU.Build.0 = Debug|Any CPU
		{9405977F-310F-46D2-8FFA-800509FF34E3}.Development|iPhone.ActiveCfg = Debug|Any CPU
		{9405977F-310F-46D2-8FFA-800509FF34E3}.Development|iPhone.Build.0 = Debug|Any CPU
		{9405977F-310F-46D2-8FFA-800509FF34E3}.Development|iPhoneSimulator.ActiveCfg = Debug|Any CPU
		{9405977F-310F-46D2-8FFA-800509FF34E3}.Development|iPhoneSimulator.Build.0 = Debug|Any CPU
		{9405977F-310F-46D2-8FFA-800509FF34E3}.Release|Any CPU.ActiveCfg = Release|Any CPU
		{9405977F-310F-46D2-8FFA-800509FF34E3}.Release|Any CPU.Build.0 = Release|Any CPU
		{9405977F-310F-46D2-8FFA-800509FF34E3}.Release|iPhone.ActiveCfg = Release|Any CPU
		{9405977F-310F-46D2-8FFA-800509FF34E3}.Release|iPhone.Build.0 = Release|Any CPU
		{9405977F-310F-46D2-8FFA-800509FF34E3}.Release|iPhoneSimulator.ActiveCfg = Release|Any CPU
		{9405977F-310F-46D2-8FFA-800509FF34E3}.Release|iPhoneSimulator.Build.0 = Release|Any CPU
		{9405977F-310F-46D2-8FFA-800509FF34E3}.Release-Database|Any CPU.ActiveCfg = Release-Database|Any CPU
		{9405977F-310F-46D2-8FFA-800509FF34E3}.Release-Database|iPhone.ActiveCfg = Release-Database|Any CPU
		{9405977F-310F-46D2-8FFA-800509FF34E3}.Release-Database|iPhone.Build.0 = Release-Database|Any CPU
		{9405977F-310F-46D2-8FFA-800509FF34E3}.Release-Database|iPhoneSimulator.ActiveCfg = Release-Database|Any CPU
		{9405977F-310F-46D2-8FFA-800509FF34E3}.Release-Database|iPhoneSimulator.Build.0 = Release-Database|Any CPU
		{57D09BDB-CD62-42D6-B6C6-FF2A2531179E}.Debug|Any CPU.ActiveCfg = Debug|Any CPU
		{57D09BDB-CD62-42D6-B6C6-FF2A2531179E}.Debug|Any CPU.Build.0 = Debug|Any CPU
		{57D09BDB-CD62-42D6-B6C6-FF2A2531179E}.Debug|iPhone.ActiveCfg = Debug|Any CPU
		{57D09BDB-CD62-42D6-B6C6-FF2A2531179E}.Debug|iPhone.Build.0 = Debug|Any CPU
		{57D09BDB-CD62-42D6-B6C6-FF2A2531179E}.Debug|iPhoneSimulator.ActiveCfg = Debug|Any CPU
		{57D09BDB-CD62-42D6-B6C6-FF2A2531179E}.Debug|iPhoneSimulator.Build.0 = Debug|Any CPU
		{57D09BDB-CD62-42D6-B6C6-FF2A2531179E}.Development|Any CPU.ActiveCfg = Debug|Any CPU
		{57D09BDB-CD62-42D6-B6C6-FF2A2531179E}.Development|Any CPU.Build.0 = Debug|Any CPU
		{57D09BDB-CD62-42D6-B6C6-FF2A2531179E}.Development|iPhone.ActiveCfg = Debug|Any CPU
		{57D09BDB-CD62-42D6-B6C6-FF2A2531179E}.Development|iPhone.Build.0 = Debug|Any CPU
		{57D09BDB-CD62-42D6-B6C6-FF2A2531179E}.Development|iPhoneSimulator.ActiveCfg = Debug|Any CPU
		{57D09BDB-CD62-42D6-B6C6-FF2A2531179E}.Development|iPhoneSimulator.Build.0 = Debug|Any CPU
		{57D09BDB-CD62-42D6-B6C6-FF2A2531179E}.Release|Any CPU.ActiveCfg = Release|Any CPU
		{57D09BDB-CD62-42D6-B6C6-FF2A2531179E}.Release|Any CPU.Build.0 = Release|Any CPU
		{57D09BDB-CD62-42D6-B6C6-FF2A2531179E}.Release|iPhone.ActiveCfg = Release|Any CPU
		{57D09BDB-CD62-42D6-B6C6-FF2A2531179E}.Release|iPhone.Build.0 = Release|Any CPU
		{57D09BDB-CD62-42D6-B6C6-FF2A2531179E}.Release|iPhoneSimulator.ActiveCfg = Release|Any CPU
		{57D09BDB-CD62-42D6-B6C6-FF2A2531179E}.Release|iPhoneSimulator.Build.0 = Release|Any CPU
		{57D09BDB-CD62-42D6-B6C6-FF2A2531179E}.Release-Database|Any CPU.ActiveCfg = Release-Database|Any CPU
		{57D09BDB-CD62-42D6-B6C6-FF2A2531179E}.Release-Database|iPhone.ActiveCfg = Release-Database|Any CPU
		{57D09BDB-CD62-42D6-B6C6-FF2A2531179E}.Release-Database|iPhone.Build.0 = Release-Database|Any CPU
		{57D09BDB-CD62-42D6-B6C6-FF2A2531179E}.Release-Database|iPhoneSimulator.ActiveCfg = Release-Database|Any CPU
		{57D09BDB-CD62-42D6-B6C6-FF2A2531179E}.Release-Database|iPhoneSimulator.Build.0 = Release-Database|Any CPU
		{67CBC15A-AE62-4E9F-B746-43231CE9633B}.Debug|Any CPU.ActiveCfg = Debug|Any CPU
		{67CBC15A-AE62-4E9F-B746-43231CE9633B}.Debug|Any CPU.Build.0 = Debug|Any CPU
		{67CBC15A-AE62-4E9F-B746-43231CE9633B}.Debug|iPhone.ActiveCfg = Debug|Any CPU
		{67CBC15A-AE62-4E9F-B746-43231CE9633B}.Debug|iPhone.Build.0 = Debug|Any CPU
		{67CBC15A-AE62-4E9F-B746-43231CE9633B}.Debug|iPhoneSimulator.ActiveCfg = Debug|Any CPU
		{67CBC15A-AE62-4E9F-B746-43231CE9633B}.Debug|iPhoneSimulator.Build.0 = Debug|Any CPU
		{67CBC15A-AE62-4E9F-B746-43231CE9633B}.Development|Any CPU.ActiveCfg = Debug|Any CPU
		{67CBC15A-AE62-4E9F-B746-43231CE9633B}.Development|Any CPU.Build.0 = Debug|Any CPU
		{67CBC15A-AE62-4E9F-B746-43231CE9633B}.Development|iPhone.ActiveCfg = Debug|Any CPU
		{67CBC15A-AE62-4E9F-B746-43231CE9633B}.Development|iPhone.Build.0 = Debug|Any CPU
		{67CBC15A-AE62-4E9F-B746-43231CE9633B}.Development|iPhoneSimulator.ActiveCfg = Debug|Any CPU
		{67CBC15A-AE62-4E9F-B746-43231CE9633B}.Development|iPhoneSimulator.Build.0 = Debug|Any CPU
		{67CBC15A-AE62-4E9F-B746-43231CE9633B}.Release|Any CPU.ActiveCfg = Release|Any CPU
		{67CBC15A-AE62-4E9F-B746-43231CE9633B}.Release|Any CPU.Build.0 = Release|Any CPU
		{67CBC15A-AE62-4E9F-B746-43231CE9633B}.Release|iPhone.ActiveCfg = Release|Any CPU
		{67CBC15A-AE62-4E9F-B746-43231CE9633B}.Release|iPhone.Build.0 = Release|Any CPU
		{67CBC15A-AE62-4E9F-B746-43231CE9633B}.Release|iPhoneSimulator.ActiveCfg = Release|Any CPU
		{67CBC15A-AE62-4E9F-B746-43231CE9633B}.Release|iPhoneSimulator.Build.0 = Release|Any CPU
		{67CBC15A-AE62-4E9F-B746-43231CE9633B}.Release-Database|Any CPU.ActiveCfg = Release-Database|Any CPU
		{67CBC15A-AE62-4E9F-B746-43231CE9633B}.Release-Database|iPhone.ActiveCfg = Release-Database|Any CPU
		{67CBC15A-AE62-4E9F-B746-43231CE9633B}.Release-Database|iPhone.Build.0 = Release-Database|Any CPU
		{67CBC15A-AE62-4E9F-B746-43231CE9633B}.Release-Database|iPhoneSimulator.ActiveCfg = Release-Database|Any CPU
		{67CBC15A-AE62-4E9F-B746-43231CE9633B}.Release-Database|iPhoneSimulator.Build.0 = Release-Database|Any CPU
		{38A52964-9579-495C-9987-07B45657B008}.Debug|Any CPU.ActiveCfg = Debug|Any CPU
		{38A52964-9579-495C-9987-07B45657B008}.Debug|Any CPU.Build.0 = Debug|Any CPU
		{38A52964-9579-495C-9987-07B45657B008}.Debug|Any CPU.Deploy.0 = Debug|Any CPU
		{38A52964-9579-495C-9987-07B45657B008}.Debug|iPhone.ActiveCfg = Debug|Any CPU
		{38A52964-9579-495C-9987-07B45657B008}.Debug|iPhone.Build.0 = Debug|Any CPU
		{38A52964-9579-495C-9987-07B45657B008}.Debug|iPhone.Deploy.0 = Debug|Any CPU
		{38A52964-9579-495C-9987-07B45657B008}.Debug|iPhoneSimulator.ActiveCfg = Debug|Any CPU
		{38A52964-9579-495C-9987-07B45657B008}.Debug|iPhoneSimulator.Build.0 = Debug|Any CPU
		{38A52964-9579-495C-9987-07B45657B008}.Debug|iPhoneSimulator.Deploy.0 = Debug|Any CPU
		{38A52964-9579-495C-9987-07B45657B008}.Development|Any CPU.ActiveCfg = Debug|Any CPU
		{38A52964-9579-495C-9987-07B45657B008}.Development|Any CPU.Build.0 = Debug|Any CPU
		{38A52964-9579-495C-9987-07B45657B008}.Development|Any CPU.Deploy.0 = Debug|Any CPU
		{38A52964-9579-495C-9987-07B45657B008}.Development|iPhone.ActiveCfg = Debug|Any CPU
		{38A52964-9579-495C-9987-07B45657B008}.Development|iPhone.Build.0 = Debug|Any CPU
		{38A52964-9579-495C-9987-07B45657B008}.Development|iPhone.Deploy.0 = Debug|Any CPU
		{38A52964-9579-495C-9987-07B45657B008}.Development|iPhoneSimulator.ActiveCfg = Debug|Any CPU
		{38A52964-9579-495C-9987-07B45657B008}.Development|iPhoneSimulator.Build.0 = Debug|Any CPU
		{38A52964-9579-495C-9987-07B45657B008}.Development|iPhoneSimulator.Deploy.0 = Debug|Any CPU
		{38A52964-9579-495C-9987-07B45657B008}.Release|Any CPU.ActiveCfg = Release|Any CPU
		{38A52964-9579-495C-9987-07B45657B008}.Release|iPhone.ActiveCfg = Release|Any CPU
		{38A52964-9579-495C-9987-07B45657B008}.Release|iPhone.Build.0 = Release|Any CPU
		{38A52964-9579-495C-9987-07B45657B008}.Release|iPhone.Deploy.0 = Release|Any CPU
		{38A52964-9579-495C-9987-07B45657B008}.Release|iPhoneSimulator.ActiveCfg = Release|Any CPU
		{38A52964-9579-495C-9987-07B45657B008}.Release|iPhoneSimulator.Build.0 = Release|Any CPU
		{38A52964-9579-495C-9987-07B45657B008}.Release|iPhoneSimulator.Deploy.0 = Release|Any CPU
		{38A52964-9579-495C-9987-07B45657B008}.Release-Database|Any CPU.ActiveCfg = Release-Database|Any CPU
		{38A52964-9579-495C-9987-07B45657B008}.Release-Database|iPhone.ActiveCfg = Release-Database|Any CPU
		{38A52964-9579-495C-9987-07B45657B008}.Release-Database|iPhone.Build.0 = Release-Database|Any CPU
		{38A52964-9579-495C-9987-07B45657B008}.Release-Database|iPhone.Deploy.0 = Release-Database|Any CPU
		{38A52964-9579-495C-9987-07B45657B008}.Release-Database|iPhoneSimulator.ActiveCfg = Release-Database|Any CPU
		{38A52964-9579-495C-9987-07B45657B008}.Release-Database|iPhoneSimulator.Build.0 = Release-Database|Any CPU
		{38A52964-9579-495C-9987-07B45657B008}.Release-Database|iPhoneSimulator.Deploy.0 = Release-Database|Any CPU
	EndGlobalSection
	GlobalSection(SolutionProperties) = preSolution
		HideSolutionNode = FALSE
	EndGlobalSection
	GlobalSection(ExtensibilityGlobals) = postSolution
		SolutionGuid = {AA6E0044-48F0-49BE-A51A-328B7EEA9A5F}
	EndGlobalSection
EndGlobal
